// !$*UTF8*$!
{
	archiveVersion = 1;
	classes = {
	};
	objectVersion = 46;
	objects = {

/* Begin PBXBuildFile section */
		15D5A02119823E2F002FA059 /* Foundation.framework in Frameworks */ = {isa = PBXBuildFile; fileRef = 15D5A02019823E2F002FA059 /* Foundation.framework */; };
		15D5A02319823E2F002FA059 /* CoreGraphics.framework in Frameworks */ = {isa = PBXBuildFile; fileRef = 15D5A02219823E2F002FA059 /* CoreGraphics.framework */; };
		15D5A02519823E2F002FA059 /* UIKit.framework in Frameworks */ = {isa = PBXBuildFile; fileRef = 15D5A02419823E2F002FA059 /* UIKit.framework */; };
		15D5A02719823E2F002FA059 /* CoreData.framework in Frameworks */ = {isa = PBXBuildFile; fileRef = 15D5A02619823E2F002FA059 /* CoreData.framework */; };
		15D5A02D19823E2F002FA059 /* InfoPlist.strings in Resources */ = {isa = PBXBuildFile; fileRef = 15D5A02B19823E2F002FA059 /* InfoPlist.strings */; };
		15D5A02F19823E2F002FA059 /* main.m in Sources */ = {isa = PBXBuildFile; fileRef = 15D5A02E19823E2F002FA059 /* main.m */; };
		15D5A03319823E2F002FA059 /* AppDelegate.m in Sources */ = {isa = PBXBuildFile; fileRef = 15D5A03219823E2F002FA059 /* AppDelegate.m */; };
		15D5A03619823E2F002FA059 /* Google_map.xcdatamodeld in Sources */ = {isa = PBXBuildFile; fileRef = 15D5A03419823E2F002FA059 /* Google_map.xcdatamodeld */; };
		15D5A03819823E2F002FA059 /* Images.xcassets in Resources */ = {isa = PBXBuildFile; fileRef = 15D5A03719823E2F002FA059 /* Images.xcassets */; };
		15D5A03F19823E30002FA059 /* XCTest.framework in Frameworks */ = {isa = PBXBuildFile; fileRef = 15D5A03E19823E30002FA059 /* XCTest.framework */; };
		15D5A04019823E30002FA059 /* Foundation.framework in Frameworks */ = {isa = PBXBuildFile; fileRef = 15D5A02019823E2F002FA059 /* Foundation.framework */; };
		15D5A04119823E30002FA059 /* UIKit.framework in Frameworks */ = {isa = PBXBuildFile; fileRef = 15D5A02419823E2F002FA059 /* UIKit.framework */; };
		15D5A04219823E30002FA059 /* CoreData.framework in Frameworks */ = {isa = PBXBuildFile; fileRef = 15D5A02619823E2F002FA059 /* CoreData.framework */; };
		15D5A04A19823E30002FA059 /* InfoPlist.strings in Resources */ = {isa = PBXBuildFile; fileRef = 15D5A04819823E30002FA059 /* InfoPlist.strings */; };
		15D5A04C19823E30002FA059 /* Google_mapTests.m in Sources */ = {isa = PBXBuildFile; fileRef = 15D5A04B19823E30002FA059 /* Google_mapTests.m */; };
		15D5A05619823EA5002FA059 /* MapKit.framework in Frameworks */ = {isa = PBXBuildFile; fileRef = 15D5A05519823EA5002FA059 /* MapKit.framework */; };
/* End PBXBuildFile section */

/* Begin PBXContainerItemProxy section */
		15D5A04319823E30002FA059 /* PBXContainerItemProxy */ = {
			isa = PBXContainerItemProxy;
			containerPortal = 15D5A01519823E2F002FA059 /* Project object */;
			proxyType = 1;
			remoteGlobalIDString = 15D5A01C19823E2F002FA059;
			remoteInfo = "Google map";
		};
/* End PBXContainerItemProxy section */

/* Begin PBXFileReference section */
		15D5A01D19823E2F002FA059 /* Google map.app */ = {isa = PBXFileReference; explicitFileType = wrapper.application; includeInIndex = 0; path = "Google map.app"; sourceTree = BUILT_PRODUCTS_DIR; };
		15D5A02019823E2F002FA059 /* Foundation.framework */ = {isa = PBXFileReference; lastKnownFileType = wrapper.framework; name = Foundation.framework; path = System/Library/Frameworks/Foundation.framework; sourceTree = SDKROOT; };
		15D5A02219823E2F002FA059 /* CoreGraphics.framework */ = {isa = PBXFileReference; lastKnownFileType = wrapper.framework; name = CoreGraphics.framework; path = System/Library/Frameworks/CoreGraphics.framework; sourceTree = SDKROOT; };
		15D5A02419823E2F002FA059 /* UIKit.framework */ = {isa = PBXFileReference; lastKnownFileType = wrapper.framework; name = UIKit.framework; path = System/Library/Frameworks/UIKit.framework; sourceTree = SDKROOT; };
		15D5A02619823E2F002FA059 /* CoreData.framework */ = {isa = PBXFileReference; lastKnownFileType = wrapper.framework; name = CoreData.framework; path = System/Library/Frameworks/CoreData.framework; sourceTree = SDKROOT; };
		15D5A02A19823E2F002FA059 /* Google map-Info.plist */ = {isa = PBXFileReference; lastKnownFileType = text.plist.xml; path = "Google map-Info.plist"; sourceTree = "<group>"; };
		15D5A02C19823E2F002FA059 /* en */ = {isa = PBXFileReference; lastKnownFileType = text.plist.strings; name = en; path = en.lproj/InfoPlist.strings; sourceTree = "<group>"; };
		15D5A02E19823E2F002FA059 /* main.m */ = {isa = PBXFileReference; lastKnownFileType = sourcecode.c.objc; path = main.m; sourceTree = "<group>"; };
		15D5A03019823E2F002FA059 /* Google map-Prefix.pch */ = {isa = PBXFileReference; lastKnownFileType = sourcecode.c.h; path = "Google map-Prefix.pch"; sourceTree = "<group>"; };
		15D5A03119823E2F002FA059 /* AppDelegate.h */ = {isa = PBXFileReference; lastKnownFileType = sourcecode.c.h; path = AppDelegate.h; sourceTree = "<group>"; };
		15D5A03219823E2F002FA059 /* AppDelegate.m */ = {isa = PBXFileReference; lastKnownFileType = sourcecode.c.objc; path = AppDelegate.m; sourceTree = "<group>"; };
		15D5A03519823E2F002FA059 /* Google_map.xcdatamodel */ = {isa = PBXFileReference; lastKnownFileType = wrapper.xcdatamodel; path = Google_map.xcdatamodel; sourceTree = "<group>"; };
		15D5A03719823E2F002FA059 /* Images.xcassets */ = {isa = PBXFileReference; lastKnownFileType = folder.assetcatalog; path = Images.xcassets; sourceTree = "<group>"; };
		15D5A03D19823E30002FA059 /* Google mapTests.xctest */ = {isa = PBXFileReference; explicitFileType = wrapper.cfbundle; includeInIndex = 0; path = "Google mapTests.xctest"; sourceTree = BUILT_PRODUCTS_DIR; };
		15D5A03E19823E30002FA059 /* XCTest.framework */ = {isa = PBXFileReference; lastKnownFileType = wrapper.framework; name = XCTest.framework; path = Library/Frameworks/XCTest.framework; sourceTree = DEVELOPER_DIR; };
		15D5A04719823E30002FA059 /* Google mapTests-Info.plist */ = {isa = PBXFileReference; lastKnownFileType = text.plist.xml; path = "Google mapTests-Info.plist"; sourceTree = "<group>"; };
		15D5A04919823E30002FA059 /* en */ = {isa = PBXFileReference; lastKnownFileType = text.plist.strings; name = en; path = en.lproj/InfoPlist.strings; sourceTree = "<group>"; };
		15D5A04B19823E30002FA059 /* Google_mapTests.m */ = {isa = PBXFileReference; lastKnownFileType = sourcecode.c.objc; path = Google_mapTests.m; sourceTree = "<group>"; };
		15D5A05519823EA5002FA059 /* MapKit.framework */ = {isa = PBXFileReference; lastKnownFileType = wrapper.framework; name = MapKit.framework; path = System/Library/Frameworks/MapKit.framework; sourceTree = SDKROOT; };
/* End PBXFileReference section */

/* Begin PBXFrameworksBuildPhase section */
		15D5A01A19823E2F002FA059 /* Frameworks */ = {
			isa = PBXFrameworksBuildPhase;
			buildActionMask = 2147483647;
			files = (
				15D5A05619823EA5002FA059 /* MapKit.framework in Frameworks */,
				15D5A02319823E2F002FA059 /* CoreGraphics.framework in Frameworks */,
				15D5A02719823E2F002FA059 /* CoreData.framework in Frameworks */,
				15D5A02519823E2F002FA059 /* UIKit.framework in Frameworks */,
				15D5A02119823E2F002FA059 /* Foundation.framework in Frameworks */,
			);
			runOnlyForDeploymentPostprocessing = 0;
		};
		15D5A03A19823E30002FA059 /* Frameworks */ = {
			isa = PBXFrameworksBuildPhase;
			buildActionMask = 2147483647;
			files = (
				15D5A03F19823E30002FA059 /* XCTest.framework in Frameworks */,
				15D5A04219823E30002FA059 /* CoreData.framework in Frameworks */,
				15D5A04119823E30002FA059 /* UIKit.framework in Frameworks */,
				15D5A04019823E30002FA059 /* Foundation.framework in Frameworks */,
			);
			runOnlyForDeploymentPostprocessing = 0;
		};
/* End PBXFrameworksBuildPhase section */

/* Begin PBXGroup section */
		15D5A01419823E2F002FA059 = {
			isa = PBXGroup;
			children = (
				15D5A02819823E2F002FA059 /* Google map */,
				15D5A04519823E30002FA059 /* Google mapTests */,
				15D5A01F19823E2F002FA059 /* Frameworks */,
				15D5A01E19823E2F002FA059 /* Products */,
			);
			sourceTree = "<group>";
		};
		15D5A01E19823E2F002FA059 /* Products */ = {
			isa = PBXGroup;
			children = (
				15D5A01D19823E2F002FA059 /* Google map.app */,
				15D5A03D19823E30002FA059 /* Google mapTests.xctest */,
			);
			name = Products;
			sourceTree = "<group>";
		};
		15D5A01F19823E2F002FA059 /* Frameworks */ = {
			isa = PBXGroup;
			children = (
				15D5A05519823EA5002FA059 /* MapKit.framework */,
				15D5A02019823E2F002FA059 /* Foundation.framework */,
				15D5A02219823E2F002FA059 /* CoreGraphics.framework */,
				15D5A02419823E2F002FA059 /* UIKit.framework */,
				15D5A02619823E2F002FA059 /* CoreData.framework */,
				15D5A03E19823E30002FA059 /* XCTest.framework */,
			);
			name = Frameworks;
			sourceTree = "<group>";
		};
		15D5A02819823E2F002FA059 /* Google map */ = {
			isa = PBXGroup;
			children = (
				15D5A03119823E2F002FA059 /* AppDelegate.h */,
				15D5A03219823E2F002FA059 /* AppDelegate.m */,
				15D5A03719823E2F002FA059 /* Images.xcassets */,
				15D5A03419823E2F002FA059 /* Google_map.xcdatamodeld */,
				15D5A02919823E2F002FA059 /* Supporting Files */,
			);
			path = "Google map";
			sourceTree = "<group>";
		};
		15D5A02919823E2F002FA059 /* Supporting Files */ = {
			isa = PBXGroup;
			children = (
				15D5A02A19823E2F002FA059 /* Google map-Info.plist */,
				15D5A02B19823E2F002FA059 /* InfoPlist.strings */,
				15D5A02E19823E2F002FA059 /* main.m */,
				15D5A03019823E2F002FA059 /* Google map-Prefix.pch */,
			);
			name = "Supporting Files";
			sourceTree = "<group>";
		};
		15D5A04519823E30002FA059 /* Google mapTests */ = {
			isa = PBXGroup;
			children = (
				15D5A04B19823E30002FA059 /* Google_mapTests.m */,
				15D5A04619823E30002FA059 /* Supporting Files */,
			);
			path = "Google mapTests";
			sourceTree = "<group>";
		};
		15D5A04619823E30002FA059 /* Supporting Files */ = {
			isa = PBXGroup;
			children = (
				15D5A04719823E30002FA059 /* Google mapTests-Info.plist */,
				15D5A04819823E30002FA059 /* InfoPlist.strings */,
			);
			name = "Supporting Files";
			sourceTree = "<group>";
		};
/* End PBXGroup section */

/* Begin PBXNativeTarget section */
		15D5A01C19823E2F002FA059 /* Google map */ = {
			isa = PBXNativeTarget;
			buildConfigurationList = 15D5A04F19823E30002FA059 /* Build configuration list for PBXNativeTarget "Google map" */;
			buildPhases = (
				15D5A01919823E2F002FA059 /* Sources */,
				15D5A01A19823E2F002FA059 /* Frameworks */,
				15D5A01B19823E2F002FA059 /* Resources */,
			);
			buildRules = (
			);
			dependencies = (
			);
			name = "Google map";
			productName = "Google map";
			productReference = 15D5A01D19823E2F002FA059 /* Google map.app */;
			productType = "com.apple.product-type.application";
		};
		15D5A03C19823E30002FA059 /* Google mapTests */ = {
			isa = PBXNativeTarget;
			buildConfigurationList = 15D5A05219823E30002FA059 /* Build configuration list for PBXNativeTarget "Google mapTests" */;
			buildPhases = (
				15D5A03919823E30002FA059 /* Sources */,
				15D5A03A19823E30002FA059 /* Frameworks */,
				15D5A03B19823E30002FA059 /* Resources */,
			);
			buildRules = (
			);
			dependencies = (
				15D5A04419823E30002FA059 /* PBXTargetDependency */,
			);
			name = "Google mapTests";
			productName = "Google mapTests";
			productReference = 15D5A03D19823E30002FA059 /* Google mapTests.xctest */;
			productType = "com.apple.product-type.bundle.unit-test";
		};
/* End PBXNativeTarget section */

/* Begin PBXProject section */
		15D5A01519823E2F002FA059 /* Project object */ = {
			isa = PBXProject;
			attributes = {
				LastUpgradeCheck = 0510;
				ORGANIZATIONNAME = "___FULLUSERNAME___";
				TargetAttributes = {
					15D5A03C19823E30002FA059 = {
						TestTargetID = 15D5A01C19823E2F002FA059;
					};
				};
			};
			buildConfigurationList = 15D5A01819823E2F002FA059 /* Build configuration list for PBXProject "Google map" */;
			compatibilityVersion = "Xcode 3.2";
			developmentRegion = English;
			hasScannedForEncodings = 0;
			knownRegions = (
				en,
			);
			mainGroup = 15D5A01419823E2F002FA059;
			productRefGroup = 15D5A01E19823E2F002FA059 /* Products */;
			projectDirPath = "";
			projectRoot = "";
			targets = (
				15D5A01C19823E2F002FA059 /* Google map */,
				15D5A03C19823E30002FA059 /* Google mapTests */,
			);
		};
/* End PBXProject section */

/* Begin PBXResourcesBuildPhase section */
		15D5A01B19823E2F002FA059 /* Resources */ = {
			isa = PBXResourcesBuildPhase;
			buildActionMask = 2147483647;
			files = (
				15D5A02D19823E2F002FA059 /* InfoPlist.strings in Resources */,
				15D5A03819823E2F002FA059 /* Images.xcassets in Resources */,
			);
			runOnlyForDeploymentPostprocessing = 0;
		};
		15D5A03B19823E30002FA059 /* Resources */ = {
			isa = PBXResourcesBuildPhase;
			buildActionMask = 2147483647;
			files = (
				15D5A04A19823E30002FA059 /* InfoPlist.strings in Resources */,
			);
			runOnlyForDeploymentPostprocessing = 0;
		};
/* End PBXResourcesBuildPhase section */

/* Begin PBXSourcesBuildPhase section */
		15D5A01919823E2F002FA059 /* Sources */ = {
			isa = PBXSourcesBuildPhase;
			buildActionMask = 2147483647;
			files = (
				15D5A03319823E2F002FA059 /* AppDelegate.m in Sources */,
				15D5A02F19823E2F002FA059 /* main.m in Sources */,
				15D5A03619823E2F002FA059 /* Google_map.xcdatamodeld in Sources */,
			);
			runOnlyForDeploymentPostprocessing = 0;
		};
		15D5A03919823E30002FA059 /* Sources */ = {
			isa = PBXSourcesBuildPhase;
			buildActionMask = 2147483647;
			files = (
				15D5A04C19823E30002FA059 /* Google_mapTests.m in Sources */,
			);
			runOnlyForDeploymentPostprocessing = 0;
		};
/* End PBXSourcesBuildPhase section */

/* Begin PBXTargetDependency section */
		15D5A04419823E30002FA059 /* PBXTargetDependency */ = {
			isa = PBXTargetDependency;
			target = 15D5A01C19823E2F002FA059 /* Google map */;
			targetProxy = 15D5A04319823E30002FA059 /* PBXContainerItemProxy */;
		};
/* End PBXTargetDependency section */

/* Begin PBXVariantGroup section */
		15D5A02B19823E2F002FA059 /* InfoPlist.strings */ = {
			isa = PBXVariantGroup;
			children = (
				15D5A02C19823E2F002FA059 /* en */,
			);
			name = InfoPlist.strings;
			sourceTree = "<group>";
		};
		15D5A04819823E30002FA059 /* InfoPlist.strings */ = {
			isa = PBXVariantGroup;
			children = (
				15D5A04919823E30002FA059 /* en */,
			);
			name = InfoPlist.strings;
			sourceTree = "<group>";
		};
/* End PBXVariantGroup section */

/* Begin XCBuildConfiguration section */
		15D5A04D19823E30002FA059 /* Debug */ = {
			isa = XCBuildConfiguration;
			buildSettings = {
				ALWAYS_SEARCH_USER_PATHS = NO;
				CLANG_CXX_LANGUAGE_STANDARD = "gnu++0x";
				CLANG_CXX_LIBRARY = "libc++";
				CLANG_ENABLE_MODULES = YES;
				CLANG_ENABLE_OBJC_ARC = YES;
				CLANG_WARN_BOOL_CONVERSION = YES;
				CLANG_WARN_CONSTANT_CONVERSION = YES;
				CLANG_WARN_DIRECT_OBJC_ISA_USAGE = YES_ERROR;
				CLANG_WARN_EMPTY_BODY = YES;
				CLANG_WARN_ENUM_CONVERSION = YES;
				CLANG_WARN_INT_CONVERSION = YES;
				CLANG_WARN_OBJC_ROOT_CLASS = YES_ERROR;
				CLANG_WARN__DUPLICATE_METHOD_MATCH = YES;
				"CODE_SIGN_IDENTITY[sdk=iphoneos*]" = "iPhone Developer";
				COPY_PHASE_STRIP = NO;
				GCC_C_LANGUAGE_STANDARD = gnu99;
				GCC_DYNAMIC_NO_PIC = NO;
				GCC_OPTIMIZATION_LEVEL = 0;
				GCC_PREPROCESSOR_DEFINITIONS = (
					"DEBUG=1",
					"$(inherited)",
				);
				GCC_SYMBOLS_PRIVATE_EXTERN = NO;
				GCC_WARN_64_TO_32_BIT_CONVERSION = YES;
				GCC_WARN_ABOUT_RETURN_TYPE = YES_ERROR;
				GCC_WARN_UNDECLARED_SELECTOR = YES;
				GCC_WARN_UNINITIALIZED_AUTOS = YES_AGGRESSIVE;
				GCC_WARN_UNUSED_FUNCTION = YES;
				GCC_WARN_UNUSED_VARIABLE = YES;
				IPHONEOS_DEPLOYMENT_TARGET = 7.1;
				ONLY_ACTIVE_ARCH = YES;
				SDKROOT = iphoneos;
			};
			name = Debug;
		};
		15D5A04E19823E30002FA059 /* Release */ = {
			isa = XCBuildConfiguration;
			buildSettings = {
				ALWAYS_SEARCH_USER_PATHS = NO;
				CLANG_CXX_LANGUAGE_STANDARD = "gnu++0x";
				CLANG_CXX_LIBRARY = "libc++";
				CLANG_ENABLE_MODULES = YES;
				CLANG_ENABLE_OBJC_ARC = YES;
				CLANG_WARN_BOOL_CONVERSION = YES;
				CLANG_WARN_CONSTANT_CONVERSION = YES;
				CLANG_WARN_DIRECT_OBJC_ISA_USAGE = YES_ERROR;
				CLANG_WARN_EMPTY_BODY = YES;
				CLANG_WARN_ENUM_CONVERSION = YES;
				CLANG_WARN_INT_CONVERSION = YES;
				CLANG_WARN_OBJC_ROOT_CLASS = YES_ERROR;
				CLANG_WARN__DUPLICATE_METHOD_MATCH = YES;
				"CODE_SIGN_IDENTITY[sdk=iphoneos*]" = "iPhone Developer";
				COPY_PHASE_STRIP = YES;
				ENABLE_NS_ASSERTIONS = NO;
				GCC_C_LANGUAGE_STANDARD = gnu99;
				GCC_WARN_64_TO_32_BIT_CONVERSION = YES;
				GCC_WARN_ABOUT_RETURN_TYPE = YES_ERROR;
				GCC_WARN_UNDECLARED_SELECTOR = YES;
				GCC_WARN_UNINITIALIZED_AUTOS = YES_AGGRESSIVE;
				GCC_WARN_UNUSED_FUNCTION = YES;
				GCC_WARN_UNUSED_VARIABLE = YES;
				IPHONEOS_DEPLOYMENT_TARGET = 7.1;
				SDKROOT = iphoneos;
				VALIDATE_PRODUCT = YES;
			};
			name = Release;
		};
		15D5A05019823E30002FA059 /* Debug */ = {
			isa = XCBuildConfiguration;
			buildSettings = {
				ASSETCATALOG_COMPILER_APPICON_NAME = AppIcon;
				ASSETCATALOG_COMPILER_LAUNCHIMAGE_NAME = LaunchImage;
				GCC_PRECOMPILE_PREFIX_HEADER = YES;
				GCC_PREFIX_HEADER = "Google map/Google map-Prefix.pch";
				INFOPLIST_FILE = "Google map/Google map-Info.plist";
				PRODUCT_NAME = "$(TARGET_NAME)";
				WRAPPER_EXTENSION = app;
			};
			name = Debug;
		};
		15D5A05119823E30002FA059 /* Release */ = {
			isa = XCBuildConfiguration;
			buildSettings = {
				ASSETCATALOG_COMPILER_APPICON_NAME = AppIcon;
				ASSETCATALOG_COMPILER_LAUNCHIMAGE_NAME = LaunchImage;
				GCC_PRECOMPILE_PREFIX_HEADER = YES;
				GCC_PREFIX_HEADER = "Google map/Google map-Prefix.pch";
				INFOPLIST_FILE = "Google map/Google map-Info.plist";
				PRODUCT_NAME = "$(TARGET_NAME)";
				WRAPPER_EXTENSION = app;
			};
			name = Release;
		};
		15D5A05319823E30002FA059 /* Debug */ = {
			isa = XCBuildConfiguration;
			buildSettings = {
				BUNDLE_LOADER = "$(BUILT_PRODUCTS_DIR)/Google map.app/Google map";
				FRAMEWORK_SEARCH_PATHS = (
					"$(SDKROOT)/Developer/Library/Frameworks",
					"$(inherited)",
					"$(DEVELOPER_FRAMEWORKS_DIR)",
				);
				GCC_PRECOMPILE_PREFIX_HEADER = YES;
				GCC_PREFIX_HEADER = "Google map/Google map-Prefix.pch";
				GCC_PREPROCESSOR_DEFINITIONS = (
					"DEBUG=1",
					"$(inherited)",
				);
				INFOPLIST_FILE = "Google mapTests/Google mapTests-Info.plist";
				PRODUCT_NAME = "$(TARGET_NAME)";
				TEST_HOST = "$(BUNDLE_LOADER)";
				WRAPPER_EXTENSION = xctest;
			};
			name = Debug;
		};
		15D5A05419823E30002FA059 /* Release */ = {
			isa = XCBuildConfiguration;
			buildSettings = {
				BUNDLE_LOADER = "$(BUILT_PRODUCTS_DIR)/Google map.app/Google map";
				FRAMEWORK_SEARCH_PATHS = (
					"$(SDKROOT)/Developer/Library/Frameworks",
					"$(inherited)",
					"$(DEVELOPER_FRAMEWORKS_DIR)",
				);
				GCC_PRECOMPILE_PREFIX_HEADER = YES;
				GCC_PREFIX_HEADER = "Google map/Google map-Prefix.pch";
				INFOPLIST_FILE = "Google mapTests/Google mapTests-Info.plist";
				PRODUCT_NAME = "$(TARGET_NAME)";
				TEST_HOST = "$(BUNDLE_LOADER)";
				WRAPPER_EXTENSION = xctest;
			};
			name = Release;
		};
/* End XCBuildConfiguration section */

/* Begin XCConfigurationList section */
		15D5A01819823E2F002FA059 /* Build configuration list for PBXProject "Google map" */ = {
			isa = XCConfigurationList;
			buildConfigurations = (
				15D5A04D19823E30002FA059 /* Debug */,
				15D5A04E19823E30002FA059 /* Release */,
			);
			defaultConfigurationIsVisible = 0;
			defaultConfigurationName = Release;
		};
		15D5A04F19823E30002FA059 /* Build configuration list for PBXNativeTarget "Google map" */ = {
			isa = XCConfigurationList;
			buildConfigurations = (
				15D5A05019823E30002FA059 /* Debug */,
				15D5A05119823E30002FA059 /* Release */,
			);
			defaultConfigurationIsVisible = 0;
		};
		15D5A05219823E30002FA059 /* Build configuration list for PBXNativeTarget "Google mapTests" */ = {
			isa = XCConfigurationList;
			buildConfigurations = (
				15D5A05319823E30002FA059 /* Debug */,
				15D5A05419823E30002FA059 /* Release */,
			);
			defaultConfigurationIsVisible = 0;
		};
/* End XCConfigurationList section */

/* Begin XCVersionGroup section */
		15D5A03419823E2F002FA059 /* Google_map.xcdatamodeld */ = {
			isa = XCVersionGroup;
			children = (
				15D5A03519823E2F002FA059 /* Google_map.xcdatamodel */,
			);
			currentVersion = 15D5A03519823E2F002FA059 /* Google_map.xcdatamodel */;
			path = Google_map.xcdatamodeld;
			sourceTree = "<group>";
			versionGroupType = wrapper.xcdatamodel;
		};
/* End XCVersionGroup section */
	};
	rootObject = 15D5A01519823E2F002FA059 /* Project object */;
}
